
Microsoft Visual Studio Solution File, Format Version 12.00
# Visual Studio 15
VisualStudioVersion = 15.0.26730.3
MinimumVisualStudioVersion = 10.0.40219.1
Project("{FAE04EC0-301F-11D3-BF4B-00C04F79EFBC}") = "u.idsv.server", "u.idsv.server\u.idsv.server.csproj", "{49AEEEC0-7341-4A8F-B702-B1633BD783EA}"
EndProject
Project("{FAE04EC0-301F-11D3-BF4B-00C04F79EFBC}") = "u.idsv.api", "u.idsv.api\u.idsv.api.csproj", "{82F6DDCB-FB19-4178-814A-84B0053AB1BF}"
EndProject
Project("{2150E333-8FDC-42A3-9474-1A3956D46DE8}") = "clients", "clients", "{9CC90912-11E3-4EF1-883E-ECC0A003E419}"
EndProject
Project("{FAE04EC0-301F-11D3-BF4B-00C04F79EFBC}") = "u.idsv.client", "u.idsv.client\u.idsv.client.csproj", "{C0A05915-DF10-490F-8D20-09014466FEF4}"
EndProject
Global
	GlobalSection(SolutionConfigurationPlatforms) = preSolution
		Debug|Any CPU = Debug|Any CPU
		Release|Any CPU = Release|Any CPU
	EndGlobalSection
	GlobalSection(ProjectConfigurationPlatforms) = postSolution
		{49AEEEC0-7341-4A8F-B702-B1633BD783EA}.Debug|Any CPU.ActiveCfg = Debug|Any CPU
		{49AEEEC0-7341-4A8F-B702-B1633BD783EA}.Debug|Any CPU.Build.0 = Debug|Any CPU
		{49AEEEC0-7341-4A8F-B702-B1633BD783EA}.Release|Any CPU.ActiveCfg = Release|Any CPU
		{49AEEEC0-7341-4A8F-B702-B1633BD783EA}.Release|Any CPU.Build.0 = Release|Any CPU
		{82F6DDCB-FB19-4178-814A-84B0053AB1BF}.Debug|Any CPU.ActiveCfg = Debug|Any CPU
		{82F6DDCB-FB19-4178-814A-84B0053AB1BF}.Debug|Any CPU.Build.0 = Debug|Any CPU
		{82F6DDCB-FB19-4178-814A-84B0053AB1BF}.Release|Any CPU.ActiveCfg = Release|Any CPU
		{82F6DDCB-FB19-4178-814A-84B0053AB1BF}.Release|Any CPU.Build.0 = Release|Any CPU
		{C0A05915-DF10-490F-8D20-09014466FEF4}.Debug|Any CPU.ActiveCfg = Debug|Any CPU
		{C0A05915-DF10-490F-8D20-09014466FEF4}.Debug|Any CPU.Build.0 = Debug|Any CPU
		{C0A05915-DF10-490F-8D20-09014466FEF4}.Release|Any CPU.ActiveCfg = Release|Any CPU
		{C0A05915-DF10-490F-8D20-09014466FEF4}.Release|Any CPU.Build.0 = Release|Any CPU
	EndGlobalSection
	GlobalSection(SolutionProperties) = preSolution
		HideSolutionNode = FALSE
	EndGlobalSection
	GlobalSection(NestedProjects) = preSolution
		{C0A05915-DF10-490F-8D20-09014466FEF4} = {9CC90912-11E3-4EF1-883E-ECC0A003E419}
	EndGlobalSection
	GlobalSection(ExtensibilityGlobals) = postSolution
		SolutionGuid = {666FC995-94A8-4694-B42E-244B6B57B536}
	EndGlobalSection
EndGlobal
